
Microsoft Visual Studio Solution File, Format Version 12.00
# Visual Studio Version 17
VisualStudioVersion = 17.2.32630.192
MinimumVisualStudioVersion = 10.0.40219.1
Project("{9A19103F-16F7-4668-BE54-9A1E7A4F7556}") = "R5T.S0062", "R5T.S0062\R5T.S0062.csproj", "{0155F2B4-352B-43DF-8E56-C356B5CCAB7A}"
EndProject
Project("{2150E333-8FDC-42A3-9474-1A3956D46DE8}") = "_Dependencies", "_Dependencies", "{ED0F4947-02B9-4540-AA38-8935679866AF}"
EndProject
Project("{9A19103F-16F7-4668-BE54-9A1E7A4F7556}") = "R5T.F0000", "..\..\R5T.F0000\source\R5T.F0000\R5T.F0000.csproj", "{67EF9C3F-C925-408E-8304-32ECDC520B49}"
EndProject
Project("{9A19103F-16F7-4668-BE54-9A1E7A4F7556}") = "R5T.F0002", "..\..\R5T.F0002\source\R5T.F0002\R5T.F0002.csproj", "{81D4957B-BCF5-4623-9576-4C23BCB059A9}"
EndProject
Project("{9A19103F-16F7-4668-BE54-9A1E7A4F7556}") = "R5T.T0131", "..\..\R5T.T0131\source\R5T.T0131\R5T.T0131.csproj", "{EC7B5BFD-BFE1-4FD4-99F2-56B9185CDDE2}"
EndProject
Project("{9A19103F-16F7-4668-BE54-9A1E7A4F7556}") = "R5T.T0132", "..\..\R5T.T0132\source\R5T.T0132\R5T.T0132.csproj", "{9268ACFF-FC52-490D-93AC-47641C4E8D17}"
EndProject
Project("{9A19103F-16F7-4668-BE54-9A1E7A4F7556}") = "R5T.T0142", "..\..\R5T.T0142\source\R5T.T0142\R5T.T0142.csproj", "{8DACC3F6-7154-4726-9F6B-AF8187C954E9}"
EndProject
Project("{9A19103F-16F7-4668-BE54-9A1E7A4F7556}") = "R5T.T0143", "..\..\R5T.T0143\source\R5T.T0143\R5T.T0143.csproj", "{FB3AF2EE-491E-4BC6-BBC5-751785892835}"
EndProject
Project("{9A19103F-16F7-4668-BE54-9A1E7A4F7556}") = "R5T.T0156", "..\..\R5T.T0156\source\R5T.T0156\R5T.T0156.csproj", "{CA2F9D63-AEA4-439D-A61C-7AC633B10F86}"
EndProject
Project("{9A19103F-16F7-4668-BE54-9A1E7A4F7556}") = "R5T.Y0000", "..\..\R5T.Y0000\source\R5T.Y0000\R5T.Y0000.csproj", "{DC0D7E2B-DEFD-4A48-A5E5-4599D997CF32}"
EndProject
Project("{9A19103F-16F7-4668-BE54-9A1E7A4F7556}") = "R5T.Z0000", "..\..\R5T.Z0000\source\R5T.Z0000\R5T.Z0000.csproj", "{CE944922-6A60-43EF-846E-04F11FD3F747}"
EndProject
Project("{9A19103F-16F7-4668-BE54-9A1E7A4F7556}") = "R5T.F0052", "..\..\R5T.F0052\source\R5T.F0052\R5T.F0052.csproj", "{D6B88799-5FE8-4029-A29F-7519F88285FF}"
EndProject
Project("{9A19103F-16F7-4668-BE54-9A1E7A4F7556}") = "R5T.F0032", "..\..\R5T.F0032\source\R5T.F0032\R5T.F0032.csproj", "{D47870ED-B567-4A0D-AE04-A1E75605EB09}"
EndProject
Project("{9A19103F-16F7-4668-BE54-9A1E7A4F7556}") = "R5T.F0033", "..\..\R5T.F0033\source\R5T.F0033\R5T.F0033.csproj", "{19DFB144-3929-4FE3-AE4F-77CBFA623980}"
EndProject
Project("{9A19103F-16F7-4668-BE54-9A1E7A4F7556}") = "R5T.Z0015", "..\..\R5T.Z0015\source\R5T.Z0015\R5T.Z0015.csproj", "{4DD25760-000C-4D72-9589-7A19375C4623}"
EndProject
Project("{9A19103F-16F7-4668-BE54-9A1E7A4F7556}") = "R5T.F0016.F001", "..\..\R5T.F0016\source\R5T.F0016.F001\R5T.F0016.F001.csproj", "{C74FB86B-D269-4D22-A824-9179E87D7034}"
EndProject
Project("{9A19103F-16F7-4668-BE54-9A1E7A4F7556}") = "R5T.F0102", "..\..\R5T.F0102\source\R5T.F0102\R5T.F0102.csproj", "{94FA6449-2F95-41AE-935F-19C7AEC1EDDC}"
EndProject
Global
	GlobalSection(SolutionConfigurationPlatforms) = preSolution
		Debug|Any CPU = Debug|Any CPU
		Release|Any CPU = Release|Any CPU
	EndGlobalSection
	GlobalSection(ProjectConfigurationPlatforms) = postSolution
		{0155F2B4-352B-43DF-8E56-C356B5CCAB7A}.Debug|Any CPU.ActiveCfg = Debug|Any CPU
		{0155F2B4-352B-43DF-8E56-C356B5CCAB7A}.Debug|Any CPU.Build.0 = Debug|Any CPU
		{0155F2B4-352B-43DF-8E56-C356B5CCAB7A}.Release|Any CPU.ActiveCfg = Release|Any CPU
		{0155F2B4-352B-43DF-8E56-C356B5CCAB7A}.Release|Any CPU.Build.0 = Release|Any CPU
		{67EF9C3F-C925-408E-8304-32ECDC520B49}.Debug|Any CPU.ActiveCfg = Debug|Any CPU
		{67EF9C3F-C925-408E-8304-32ECDC520B49}.Debug|Any CPU.Build.0 = Debug|Any CPU
		{67EF9C3F-C925-408E-8304-32ECDC520B49}.Release|Any CPU.ActiveCfg = Release|Any CPU
		{67EF9C3F-C925-408E-8304-32ECDC520B49}.Release|Any CPU.Build.0 = Release|Any CPU
		{81D4957B-BCF5-4623-9576-4C23BCB059A9}.Debug|Any CPU.ActiveCfg = Debug|Any CPU
		{81D4957B-BCF5-4623-9576-4C23BCB059A9}.Debug|Any CPU.Build.0 = Debug|Any CPU
		{81D4957B-BCF5-4623-9576-4C23BCB059A9}.Release|Any CPU.ActiveCfg = Release|Any CPU
		{81D4957B-BCF5-4623-9576-4C23BCB059A9}.Release|Any CPU.Build.0 = Release|Any CPU
		{EC7B5BFD-BFE1-4FD4-99F2-56B9185CDDE2}.Debug|Any CPU.ActiveCfg = Debug|Any CPU
		{EC7B5BFD-BFE1-4FD4-99F2-56B9185CDDE2}.Debug|Any CPU.Build.0 = Debug|Any CPU
		{EC7B5BFD-BFE1-4FD4-99F2-56B9185CDDE2}.Release|Any CPU.ActiveCfg = Release|Any CPU
		{EC7B5BFD-BFE1-4FD4-99F2-56B9185CDDE2}.Release|Any CPU.Build.0 = Release|Any CPU
		{9268ACFF-FC52-490D-93AC-47641C4E8D17}.Debug|Any CPU.ActiveCfg = Debug|Any CPU
		{9268ACFF-FC52-490D-93AC-47641C4E8D17}.Debug|Any CPU.Build.0 = Debug|Any CPU
		{9268ACFF-FC52-490D-93AC-47641C4E8D17}.Release|Any CPU.ActiveCfg = Release|Any CPU
		{9268ACFF-FC52-490D-93AC-47641C4E8D17}.Release|Any CPU.Build.0 = Release|Any CPU
		{8DACC3F6-7154-4726-9F6B-AF8187C954E9}.Debug|Any CPU.ActiveCfg = Debug|Any CPU
		{8DACC3F6-7154-4726-9F6B-AF8187C954E9}.Debug|Any CPU.Build.0 = Debug|Any CPU
		{8DACC3F6-7154-4726-9F6B-AF8187C954E9}.Release|Any CPU.ActiveCfg = Release|Any CPU
		{8DACC3F6-7154-4726-9F6B-AF8187C954E9}.Release|Any CPU.Build.0 = Release|Any CPU
		{FB3AF2EE-491E-4BC6-BBC5-751785892835}.Debug|Any CPU.ActiveCfg = Debug|Any CPU
		{FB3AF2EE-491E-4BC6-BBC5-751785892835}.Debug|Any CPU.Build.0 = Debug|Any CPU
		{FB3AF2EE-491E-4BC6-BBC5-751785892835}.Release|Any CPU.ActiveCfg = Release|Any CPU
		{FB3AF2EE-491E-4BC6-BBC5-751785892835}.Release|Any CPU.Build.0 = Release|Any CPU
		{CA2F9D63-AEA4-439D-A61C-7AC633B10F86}.Debug|Any CPU.ActiveCfg = Debug|Any CPU
		{CA2F9D63-AEA4-439D-A61C-7AC633B10F86}.Debug|Any CPU.Build.0 = Debug|Any CPU
		{CA2F9D63-AEA4-439D-A61C-7AC633B10F86}.Release|Any CPU.ActiveCfg = Release|Any CPU
		{CA2F9D63-AEA4-439D-A61C-7AC633B10F86}.Release|Any CPU.Build.0 = Release|Any CPU
		{DC0D7E2B-DEFD-4A48-A5E5-4599D997CF32}.Debug|Any CPU.ActiveCfg = Debug|Any CPU
		{DC0D7E2B-DEFD-4A48-A5E5-4599D997CF32}.Debug|Any CPU.Build.0 = Debug|Any CPU
		{DC0D7E2B-DEFD-4A48-A5E5-4599D997CF32}.Release|Any CPU.ActiveCfg = Release|Any CPU
		{DC0D7E2B-DEFD-4A48-A5E5-4599D997CF32}.Release|Any CPU.Build.0 = Release|Any CPU
		{CE944922-6A60-43EF-846E-04F11FD3F747}.Debug|Any CPU.ActiveCfg = Debug|Any CPU
		{CE944922-6A60-43EF-846E-04F11FD3F747}.Debug|Any CPU.Build.0 = Debug|Any CPU
		{CE944922-6A60-43EF-846E-04F11FD3F747}.Release|Any CPU.ActiveCfg = Release|Any CPU
		{CE944922-6A60-43EF-846E-04F11FD3F747}.Release|Any CPU.Build.0 = Release|Any CPU
		{D6B88799-5FE8-4029-A29F-7519F88285FF}.Debug|Any CPU.ActiveCfg = Debug|Any CPU
		{D6B88799-5FE8-4029-A29F-7519F88285FF}.Debug|Any CPU.Build.0 = Debug|Any CPU
		{D6B88799-5FE8-4029-A29F-7519F88285FF}.Release|Any CPU.ActiveCfg = Release|Any CPU
		{D6B88799-5FE8-4029-A29F-7519F88285FF}.Release|Any CPU.Build.0 = Release|Any CPU
		{D47870ED-B567-4A0D-AE04-A1E75605EB09}.Debug|Any CPU.ActiveCfg = Debug|Any CPU
		{D47870ED-B567-4A0D-AE04-A1E75605EB09}.Debug|Any CPU.Build.0 = Debug|Any CPU
		{D47870ED-B567-4A0D-AE04-A1E75605EB09}.Release|Any CPU.ActiveCfg = Release|Any CPU
		{D47870ED-B567-4A0D-AE04-A1E75605EB09}.Release|Any CPU.Build.0 = Release|Any CPU
		{19DFB144-3929-4FE3-AE4F-77CBFA623980}.Debug|Any CPU.ActiveCfg = Debug|Any CPU
		{19DFB144-3929-4FE3-AE4F-77CBFA623980}.Debug|Any CPU.Build.0 = Debug|Any CPU
		{19DFB144-3929-4FE3-AE4F-77CBFA623980}.Release|Any CPU.ActiveCfg = Release|Any CPU
		{19DFB144-3929-4FE3-AE4F-77CBFA623980}.Release|Any CPU.Build.0 = Release|Any CPU
		{4DD25760-000C-4D72-9589-7A19375C4623}.Debug|Any CPU.ActiveCfg = Debug|Any CPU
		{4DD25760-000C-4D72-9589-7A19375C4623}.Debug|Any CPU.Build.0 = Debug|Any CPU
		{4DD25760-000C-4D72-9589-7A19375C4623}.Release|Any CPU.ActiveCfg = Release|Any CPU
		{4DD25760-000C-4D72-9589-7A19375C4623}.Release|Any CPU.Build.0 = Release|Any CPU
		{C74FB86B-D269-4D22-A824-9179E87D7034}.Debug|Any CPU.ActiveCfg = Debug|Any CPU
		{C74FB86B-D269-4D22-A824-9179E87D7034}.Debug|Any CPU.Build.0 = Debug|Any CPU
		{C74FB86B-D269-4D22-A824-9179E87D7034}.Release|Any CPU.ActiveCfg = Release|Any CPU
		{C74FB86B-D269-4D22-A824-9179E87D7034}.Release|Any CPU.Build.0 = Release|Any CPU
		{94FA6449-2F95-41AE-935F-19C7AEC1EDDC}.Debug|Any CPU.ActiveCfg = Debug|Any CPU
		{94FA6449-2F95-41AE-935F-19C7AEC1EDDC}.Debug|Any CPU.Build.0 = Debug|Any CPU
		{94FA6449-2F95-41AE-935F-19C7AEC1EDDC}.Release|Any CPU.ActiveCfg = Release|Any CPU
		{94FA6449-2F95-41AE-935F-19C7AEC1EDDC}.Release|Any CPU.Build.0 = Release|Any CPU
	EndGlobalSection
	GlobalSection(SolutionProperties) = preSolution
		HideSolutionNode = FALSE
	EndGlobalSection
	GlobalSection(NestedProjects) = preSolution
		{67EF9C3F-C925-408E-8304-32ECDC520B49} = {ED0F4947-02B9-4540-AA38-8935679866AF}
		{81D4957B-BCF5-4623-9576-4C23BCB059A9} = {ED0F4947-02B9-4540-AA38-8935679866AF}
		{EC7B5BFD-BFE1-4FD4-99F2-56B9185CDDE2} = {ED0F4947-02B9-4540-AA38-8935679866AF}
		{9268ACFF-FC52-490D-93AC-47641C4E8D17} = {ED0F4947-02B9-4540-AA38-8935679866AF}
		{8DACC3F6-7154-4726-9F6B-AF8187C954E9} = {ED0F4947-02B9-4540-AA38-8935679866AF}
		{FB3AF2EE-491E-4BC6-BBC5-751785892835} = {ED0F4947-02B9-4540-AA38-8935679866AF}
		{CA2F9D63-AEA4-439D-A61C-7AC633B10F86} = {ED0F4947-02B9-4540-AA38-8935679866AF}
		{DC0D7E2B-DEFD-4A48-A5E5-4599D997CF32} = {ED0F4947-02B9-4540-AA38-8935679866AF}
		{CE944922-6A60-43EF-846E-04F11FD3F747} = {ED0F4947-02B9-4540-AA38-8935679866AF}
		{D6B88799-5FE8-4029-A29F-7519F88285FF} = {ED0F4947-02B9-4540-AA38-8935679866AF}
		{D47870ED-B567-4A0D-AE04-A1E75605EB09} = {ED0F4947-02B9-4540-AA38-8935679866AF}
		{19DFB144-3929-4FE3-AE4F-77CBFA623980} = {ED0F4947-02B9-4540-AA38-8935679866AF}
		{4DD25760-000C-4D72-9589-7A19375C4623} = {ED0F4947-02B9-4540-AA38-8935679866AF}
		{C74FB86B-D269-4D22-A824-9179E87D7034} = {ED0F4947-02B9-4540-AA38-8935679866AF}
		{94FA6449-2F95-41AE-935F-19C7AEC1EDDC} = {ED0F4947-02B9-4540-AA38-8935679866AF}
	EndGlobalSection
	GlobalSection(ExtensibilityGlobals) = postSolution
		SolutionGuid = {19FF6F7B-0E86-44BF-A219-C34620A72A88}
	EndGlobalSection
EndGlobal
